// !$*UTF8*$!
{
	archiveVersion = 1;
	classes = {
	};
	objectVersion = 46;
	objects = {

/* Begin PBXFileReference section */
		71840B421C71C6B8008735BC /* random.c */ = {isa = PBXFileReference; lastKnownFileType = sourcecode.c.c; path = random.c; sourceTree = "<group>"; };
		71840B431C71C6B8008735BC /* random.h */ = {isa = PBXFileReference; lastKnownFileType = sourcecode.c.h; path = random.h; sourceTree = "<group>"; };
/* End PBXFileReference section */

/* Begin PBXGroup section */
		71840B3B1C71C67D008735BC = {
			isa = PBXGroup;
			children = (
				71840B421C71C6B8008735BC /* random.c */,
				71840B431C71C6B8008735BC /* random.h */,
			);
			sourceTree = "<group>";
		};
/* End PBXGroup section */

/* Begin PBXProject section */
		71840B3C1C71C67D008735BC /* Project object */ = {
			isa = PBXProject;
			attributes = {
				LastUpgradeCheck = 0640;
			};
			buildConfigurationList = 71840B3F1C71C67D008735BC /* Build configuration list for PBXProject "Random_Forest" */;
			compatibilityVersion = "Xcode 3.2";
			developmentRegion = English;
			hasScannedForEncodings = 0;
			knownRegions = (
				en,
			);
			mainGroup = 71840B3B1C71C67D008735BC;
			projectDirPath = "";
			projectRoot = "";
			targets = (
			);
		};
/* End PBXProject section */

/* Begin XCBuildConfiguration section */
		71840B401C71C67D008735BC /* Debug */ = {
			isa = XCBuildConfiguration;
			buildSettings = {
			};
			name = Debug;
		};
		71840B411C71C67D008735BC /* Release */ = {
			isa = XCBuildConfiguration;
			buildSettings = {
			};
			name = Release;
		};
/* End XCBuildConfiguration section */

/* Begin XCConfigurationList section */
		71840B3F1C71C67D008735BC /* Build configuration list for PBXProject "Random_Forest" */ = {
			isa = XCConfigurationList;
			buildConfigurations = (
				71840B401C71C67D008735BC /* Debug */,
				71840B411C71C67D008735BC /* Release */,
			);
			defaultConfigurationIsVisible = 0;
			defaultConfigurationName = Release;
		};
/* End XCConfigurationList section */
	};
	rootObject = 71840B3C1C71C67D008735BC /* Project object */;
}
